github.com/gnzlabs/keyring v0.0.0-20230915012525-8141b6305184 h1:I9phWyDTtFgEghNGuFxzpdEpjTigWGuSaB6ZkxTtwv8=
github.com/gnzlabs/keyring v0.0.0-20230915012525-8141b6305184/go.mod h1:vVQ30yAllkidDsfnDlBCpaY//4Iv5hcnuX26+StwaF8=
github.com/gnzlabs/utilities v0.0.0-20230915005016-2eb944e890e6 h1:jnXi/D4fFpX7XdMOhbu1UJS6is1bTav+GVDTpwhAnjU=
github.com/gnzlabs/utilities v0.0.0-20230915005016-2eb944e890e6/go.mod h1:3aF/AVZ9yPpDC85NRForONaXxt+adqdjJYH3PRp2i/c=
golang.org/x/crypto v0.13.0 h1:mvySKfSWJ+UKUii46M40LOvyWfN0s2U+46/jDd0e6Ck=
golang.org/x/crypto v0.13.0/go.mod h1:y6Z2r+Rw4iayiXXAIxJIDAJ1zMW4yaTpebo8fPOliYc=
golang.org/x/sys v0.12.0 h1:CM0HF96J0hcLAwsHPJZjfdNzs0gftsLfgKt57wWHJ0o=
golang.org/x/sys v0.12.0/go.mod h1:oPkhp1MJrh7nUepCBck5+mAzfO9JrbApNNgaTdGDITg=
